PODS:
  - Alamofire (4.7.3)
  - Differentiator (3.1.0)
  - IQKeyboardManagerSwift (6.2.0)
  - Kingfisher (4.10.1)
  - ObjectMapper (3.3.0)
  - RxAlamofire (4.3.0):
    - RxAlamofire/Core (= 4.3.0)
  - RxAlamofire/Core (4.3.0):
    - Alamofire (~> 4.5)
    - RxSwift (~> 4)
  - RxAtomic (4.4.0)
  - RxCocoa (4.4.0):
    - RxSwift (~> 4.0)
  - RxDataSources (3.1.0):
    - Differentiator (~> 3.0)
    - RxCocoa (~> 4.0)
    - RxSwift (~> 4.0)
  - RxSwift (4.4.0):
    - RxAtomic (~> 4.4)
  - SnapKit (4.2.0)
  - SVProgressHUD (2.2.5)

DEPENDENCIES:
  - Alamofire
  - IQKeyboardManagerSwift
  - Kingfisher
  - ObjectMapper
  - RxAlamofire
  - RxCocoa
  - RxDataSources
  - RxSwift
  - SnapKit
  - SVProgressHUD

SPEC REPOS:
  https://github.com/cocoapods/specs.git:
    - Alamofire
    - Differentiator
    - IQKeyboardManagerSwift
    - Kingfisher
    - ObjectMapper
    - RxAlamofire
    - RxAtomic
    - RxCocoa
    - RxDataSources
    - RxSwift
    - SnapKit
    - SVProgressHUD

SPEC CHECKSUMS:
  Alamofire: c7287b6e5d7da964a70935e5db17046b7fde6568
  Differentiator: be49ca3408f0ecfc761e4c7763d20c62be01b9ad
  IQKeyboardManagerSwift: b07ccf9d8cafe993dcd6cb794eb4ba34611a0c4e
  Kingfisher: c148cd7b47ebde9989f6bc7c27dcaa79d81279a0
  ObjectMapper: b612bf8c8e99c4dc0bb6013a51f7c27966ed5da9
  RxAlamofire: 09624d0f2d48ed8b686e4eb4cf68e28cbd2df556
  RxAtomic: eacf60db868c96bfd63320e28619fe29c179656f
  RxCocoa: df63ebf7b9a70d6b4eeea407ed5dd4efc8979749
  RxDataSources: a843bad90c29817f5923ec8163f4af2de084ceb3
  RxSwift: 5976ecd04fc2fefd648827c23de5e11157faa973
  SnapKit: fe8a619752f3f27075cc9a90244d75c6c3f27e2a
  SVProgressHUD: 1428aafac632c1f86f62aa4243ec12008d7a51d6

PODFILE CHECKSUM: 6b74749a667771b94d9c23dc23c4ea3347e5946c

COCOAPODS: 1.5.3
